// !$*UTF8*$!
{
	archiveVersion = 1;
	classes = {
	};
	objectVersion = 55;
	objects = {

/* Begin PBXBuildFile section */
		83CDAEE2663BBF3F2057BC92 /* Pods_bookdana.framework in Frameworks */ = {isa = PBXBuildFile; fileRef = 24649CFA3EFA4350A6372B5C /* Pods_bookdana.framework */; };
		A83D46CC293353FF00B88ABA /* CaptureViewController.swift in Sources */ = {isa = PBXBuildFile; fileRef = A83D46CB293353FF00B88ABA /* CaptureViewController.swift */; };
		A87067F32930C21800990150 /* AppDelegate.swift in Sources */ = {isa = PBXBuildFile; fileRef = A87067F22930C21800990150 /* AppDelegate.swift */; };
		A87067F52930C21800990150 /* SceneDelegate.swift in Sources */ = {isa = PBXBuildFile; fileRef = A87067F42930C21800990150 /* SceneDelegate.swift */; };
		A87067FA2930C21800990150 /* Main.storyboard in Resources */ = {isa = PBXBuildFile; fileRef = A87067F82930C21800990150 /* Main.storyboard */; };
		A87067FD2930C21800990150 /* bookdana.xcdatamodeld in Sources */ = {isa = PBXBuildFile; fileRef = A87067FB2930C21800990150 /* bookdana.xcdatamodeld */; };
		A87067FF2930C21900990150 /* Assets.xcassets in Resources */ = {isa = PBXBuildFile; fileRef = A87067FE2930C21900990150 /* Assets.xcassets */; };
		A87068022930C21900990150 /* LaunchScreen.storyboard in Resources */ = {isa = PBXBuildFile; fileRef = A87068002930C21900990150 /* LaunchScreen.storyboard */; };
		A870680A2931D60300990150 /* BookDanaTableViewController.swift in Sources */ = {isa = PBXBuildFile; fileRef = A87068092931D60300990150 /* BookDanaTableViewController.swift */; };
		A870680C2931E11500990150 /* BookSubscribeViewController.swift in Sources */ = {isa = PBXBuildFile; fileRef = A870680B2931E11500990150 /* BookSubscribeViewController.swift */; };
		A8EAB9182937826100B58FF9 /* GoogleBookAPI.swift in Sources */ = {isa = PBXBuildFile; fileRef = A8EAB9172937826100B58FF9 /* GoogleBookAPI.swift */; };
		A8EAB91A293C461E00B58FF9 /* Podfile in Resources */ = {isa = PBXBuildFile; fileRef = A8EAB919293C461D00B58FF9 /* Podfile */; };
/* End PBXBuildFile section */

/* Begin PBXFileReference section */
		24649CFA3EFA4350A6372B5C /* Pods_bookdana.framework */ = {isa = PBXFileReference; explicitFileType = wrapper.framework; includeInIndex = 0; path = Pods_bookdana.framework; sourceTree = BUILT_PRODUCTS_DIR; };
		A83D46CB293353FF00B88ABA /* CaptureViewController.swift */ = {isa = PBXFileReference; lastKnownFileType = sourcecode.swift; path = CaptureViewController.swift; sourceTree = "<group>"; };
		A87067EF2930C21800990150 /* bookdana.app */ = {isa = PBXFileReference; explicitFileType = wrapper.application; includeInIndex = 0; path = bookdana.app; sourceTree = BUILT_PRODUCTS_DIR; };
		A87067F22930C21800990150 /* AppDelegate.swift */ = {isa = PBXFileReference; lastKnownFileType = sourcecode.swift; path = AppDelegate.swift; sourceTree = "<group>"; };
		A87067F42930C21800990150 /* SceneDelegate.swift */ = {isa = PBXFileReference; lastKnownFileType = sourcecode.swift; path = SceneDelegate.swift; sourceTree = "<group>"; };
		A87067F92930C21800990150 /* Base */ = {isa = PBXFileReference; lastKnownFileType = file.storyboard; name = Base; path = Base.lproj/Main.storyboard; sourceTree = "<group>"; };
		A87067FC2930C21800990150 /* bookdana.xcdatamodel */ = {isa = PBXFileReference; lastKnownFileType = wrapper.xcdatamodel; path = bookdana.xcdatamodel; sourceTree = "<group>"; };
		A87067FE2930C21900990150 /* Assets.xcassets */ = {isa = PBXFileReference; lastKnownFileType = folder.assetcatalog; path = Assets.xcassets; sourceTree = "<group>"; };
		A87068012930C21900990150 /* Base */ = {isa = PBXFileReference; lastKnownFileType = file.storyboard; name = Base; path = Base.lproj/LaunchScreen.storyboard; sourceTree = "<group>"; };
		A87068032930C21900990150 /* Info.plist */ = {isa = PBXFileReference; lastKnownFileType = text.plist.xml; path = Info.plist; sourceTree = "<group>"; };
		A87068092931D60300990150 /* BookDanaTableViewController.swift */ = {isa = PBXFileReference; lastKnownFileType = sourcecode.swift; path = BookDanaTableViewController.swift; sourceTree = "<group>"; };
		A870680B2931E11500990150 /* BookSubscribeViewController.swift */ = {isa = PBXFileReference; lastKnownFileType = sourcecode.swift; path = BookSubscribeViewController.swift; sourceTree = "<group>"; };
		A8EAB9172937826100B58FF9 /* GoogleBookAPI.swift */ = {isa = PBXFileReference; lastKnownFileType = sourcecode.swift; path = GoogleBookAPI.swift; sourceTree = "<group>"; };
		A8EAB919293C461D00B58FF9 /* Podfile */ = {isa = PBXFileReference; explicitFileType = text; path = Podfile; sourceTree = "<group>"; };
		FB597697B61FF5EBD1B2BB61 /* Pods-bookdana.debug.xcconfig */ = {isa = PBXFileReference; includeInIndex = 1; lastKnownFileType = text.xcconfig; name = "Pods-bookdana.debug.xcconfig"; path = "Target Support Files/Pods-bookdana/Pods-bookdana.debug.xcconfig"; sourceTree = "<group>"; };
		FD4FF47B6EFB4BBAC6504140 /* Pods-bookdana.release.xcconfig */ = {isa = PBXFileReference; includeInIndex = 1; lastKnownFileType = text.xcconfig; name = "Pods-bookdana.release.xcconfig"; path = "Target Support Files/Pods-bookdana/Pods-bookdana.release.xcconfig"; sourceTree = "<group>"; };
/* End PBXFileReference section */

/* Begin PBXFrameworksBuildPhase section */
		A87067EC2930C21800990150 /* Frameworks */ = {
			isa = PBXFrameworksBuildPhase;
			buildActionMask = 2147483647;
			files = (
				83CDAEE2663BBF3F2057BC92 /* Pods_bookdana.framework in Frameworks */,
			);
			runOnlyForDeploymentPostprocessing = 0;
		};
/* End PBXFrameworksBuildPhase section */

/* Begin PBXGroup section */
		1CB6F816CB9FE47F25425AD3 /* Frameworks */ = {
			isa = PBXGroup;
			children = (
				24649CFA3EFA4350A6372B5C /* Pods_bookdana.framework */,
			);
			name = Frameworks;
			sourceTree = "<group>";
		};
		63CDC185DF55B95FEC2CBE31 /* Pods */ = {
			isa = PBXGroup;
			children = (
				FB597697B61FF5EBD1B2BB61 /* Pods-bookdana.debug.xcconfig */,
				FD4FF47B6EFB4BBAC6504140 /* Pods-bookdana.release.xcconfig */,
			);
			name = Pods;
			path = Pods;
			sourceTree = "<group>";
		};
		A87067E62930C21800990150 = {
			isa = PBXGroup;
			children = (
				A8EAB919293C461D00B58FF9 /* Podfile */,
				A87067F12930C21800990150 /* bookdana */,
				A87067F02930C21800990150 /* Products */,
				63CDC185DF55B95FEC2CBE31 /* Pods */,
				1CB6F816CB9FE47F25425AD3 /* Frameworks */,
			);
			sourceTree = "<group>";
		};
		A87067F02930C21800990150 /* Products */ = {
			isa = PBXGroup;
			children = (
				A87067EF2930C21800990150 /* bookdana.app */,
			);
			name = Products;
			sourceTree = "<group>";
		};
		A87067F12930C21800990150 /* bookdana */ = {
			isa = PBXGroup;
			children = (
				A8EAB9172937826100B58FF9 /* GoogleBookAPI.swift */,
				A87067F22930C21800990150 /* AppDelegate.swift */,
				A87067F42930C21800990150 /* SceneDelegate.swift */,
				A87068092931D60300990150 /* BookDanaTableViewController.swift */,
				A870680B2931E11500990150 /* BookSubscribeViewController.swift */,
				A83D46CB293353FF00B88ABA /* CaptureViewController.swift */,
				A87067F82930C21800990150 /* Main.storyboard */,
				A87067FE2930C21900990150 /* Assets.xcassets */,
				A87068002930C21900990150 /* LaunchScreen.storyboard */,
				A87068032930C21900990150 /* Info.plist */,
				A87067FB2930C21800990150 /* bookdana.xcdatamodeld */,
			);
			path = bookdana;
			sourceTree = "<group>";
		};
/* End PBXGroup section */

/* Begin PBXNativeTarget section */
		A87067EE2930C21800990150 /* bookdana */ = {
			isa = PBXNativeTarget;
			buildConfigurationList = A87068062930C21900990150 /* Build configuration list for PBXNativeTarget "bookdana" */;
			buildPhases = (
				FD819871C30D594B22FABCB8 /* [CP] Check Pods Manifest.lock */,
				A87067EB2930C21800990150 /* Sources */,
				A87067EC2930C21800990150 /* Frameworks */,
				A87067ED2930C21800990150 /* Resources */,
				80D413686748F2B08DB18169 /* [CP] Embed Pods Frameworks */,
			);
			buildRules = (
			);
			dependencies = (
			);
			name = bookdana;
			productName = bookdana;
			productReference = A87067EF2930C21800990150 /* bookdana.app */;
			productType = "com.apple.product-type.application";
		};
/* End PBXNativeTarget section */

/* Begin PBXProject section */
		A87067E72930C21800990150 /* Project object */ = {
			isa = PBXProject;
			attributes = {
				BuildIndependentTargetsInParallel = 1;
				LastSwiftUpdateCheck = 1340;
				LastUpgradeCheck = 1340;
				TargetAttributes = {
					A87067EE2930C21800990150 = {
						CreatedOnToolsVersion = 13.4.1;
					};
				};
			};
			buildConfigurationList = A87067EA2930C21800990150 /* Build configuration list for PBXProject "bookdana" */;
			compatibilityVersion = "Xcode 13.0";
			developmentRegion = en;
			hasScannedForEncodings = 0;
			knownRegions = (
				en,
				Base,
			);
			mainGroup = A87067E62930C21800990150;
			productRefGroup = A87067F02930C21800990150 /* Products */;
			projectDirPath = "";
			projectRoot = "";
			targets = (
				A87067EE2930C21800990150 /* bookdana */,
			);
		};
/* End PBXProject section */

/* Begin PBXResourcesBuildPhase section */
		A87067ED2930C21800990150 /* Resources */ = {
			isa = PBXResourcesBuildPhase;
			buildActionMask = 2147483647;
			files = (
				A87068022930C21900990150 /* LaunchScreen.storyboard in Resources */,
				A87067FF2930C21900990150 /* Assets.xcassets in Resources */,
				A87067FA2930C21800990150 /* Main.storyboard in Resources */,
				A8EAB91A293C461E00B58FF9 /* Podfile in Resources */,
			);
			runOnlyForDeploymentPostprocessing = 0;
		};
/* End PBXResourcesBuildPhase section */

/* Begin PBXShellScriptBuildPhase section */
		80D413686748F2B08DB18169 /* [CP] Embed Pods Frameworks */ = {
			isa = PBXShellScriptBuildPhase;
			buildActionMask = 2147483647;
			files = (
			);
			inputFileListPaths = (
				"${PODS_ROOT}/Target Support Files/Pods-bookdana/Pods-bookdana-frameworks-${CONFIGURATION}-input-files.xcfilelist",
			);
			name = "[CP] Embed Pods Frameworks";
			outputFileListPaths = (
				"${PODS_ROOT}/Target Support Files/Pods-bookdana/Pods-bookdana-frameworks-${CONFIGURATION}-output-files.xcfilelist",
			);
			runOnlyForDeploymentPostprocessing = 0;
			shellPath = /bin/sh;
			shellScript = "\"${PODS_ROOT}/Target Support Files/Pods-bookdana/Pods-bookdana-frameworks.sh\"\n";
			showEnvVarsInLog = 0;
		};
		FD819871C30D594B22FABCB8 /* [CP] Check Pods Manifest.lock */ = {
			isa = PBXShellScriptBuildPhase;
			buildActionMask = 2147483647;
			files = (
			);
			inputFileListPaths = (
			);
			inputPaths = (
				"${PODS_PODFILE_DIR_PATH}/Podfile.lock",
				"${PODS_ROOT}/Manifest.lock",
			);
			name = "[CP] Check Pods Manifest.lock";
			outputFileListPaths = (
			);
			outputPaths = (
				"$(DERIVED_FILE_DIR)/Pods-bookdana-checkManifestLockResult.txt",
			);
			runOnlyForDeploymentPostprocessing = 0;
			shellPath = /bin/sh;
			shellScript = "diff \"${PODS_PODFILE_DIR_PATH}/Podfile.lock\" \"${PODS_ROOT}/Manifest.lock\" > /dev/null\nif [ $? != 0 ] ; then\n    # print error to STDERR\n    echo \"error: The sandbox is not in sync with the Podfile.lock. Run 'pod install' or update your CocoaPods installation.\" >&2\n    exit 1\nfi\n# This output is used by Xcode 'outputs' to avoid re-running this script phase.\necho \"SUCCESS\" > \"${SCRIPT_OUTPUT_FILE_0}\"\n";
			showEnvVarsInLog = 0;
		};
/* End PBXShellScriptBuildPhase section */

/* Begin PBXSourcesBuildPhase section */
		A87067EB2930C21800990150 /* Sources */ = {
			isa = PBXSourcesBuildPhase;
			buildActionMask = 2147483647;
			files = (
				A870680A2931D60300990150 /* BookDanaTableViewController.swift in Sources */,
				A83D46CC293353FF00B88ABA /* CaptureViewController.swift in Sources */,
				A8EAB9182937826100B58FF9 /* GoogleBookAPI.swift in Sources */,
				A87067FD2930C21800990150 /* bookdana.xcdatamodeld in Sources */,
				A87067F32930C21800990150 /* AppDelegate.swift in Sources */,
				A87067F52930C21800990150 /* SceneDelegate.swift in Sources */,
				A870680C2931E11500990150 /* BookSubscribeViewController.swift in Sources */,
			);
			runOnlyForDeploymentPostprocessing = 0;
		};
/* End PBXSourcesBuildPhase section */

/* Begin PBXVariantGroup section */
		A87067F82930C21800990150 /* Main.storyboard */ = {
			isa = PBXVariantGroup;
			children = (
				A87067F92930C21800990150 /* Base */,
			);
			name = Main.storyboard;
			sourceTree = "<group>";
		};
		A87068002930C21900990150 /* LaunchScreen.storyboard */ = {
			isa = PBXVariantGroup;
			children = (
				A87068012930C21900990150 /* Base */,
			);
			name = LaunchScreen.storyboard;
			sourceTree = "<group>";
		};
/* End PBXVariantGroup section */

/* Begin XCBuildConfiguration section */
		A87068042930C21900990150 /* Debug */ = {
			isa = XCBuildConfiguration;
			buildSettings = {
				ALWAYS_SEARCH_USER_PATHS = NO;
				CLANG_ANALYZER_NONNULL = YES;
				CLANG_ANALYZER_NUMBER_OBJECT_CONVERSION = YES_AGGRESSIVE;
				CLANG_CXX_LANGUAGE_STANDARD = "gnu++17";
				CLANG_ENABLE_MODULES = YES;
				CLANG_ENABLE_OBJC_ARC = YES;
				CLANG_ENABLE_OBJC_WEAK = YES;
				CLANG_WARN_BLOCK_CAPTURE_AUTORELEASING = YES;
				CLANG_WARN_BOOL_CONVERSION = YES;
				CLANG_WARN_COMMA = YES;
				CLANG_WARN_CONSTANT_CONVERSION = YES;
				CLANG_WARN_DEPRECATED_OBJC_IMPLEMENTATIONS = YES;
				CLANG_WARN_DIRECT_OBJC_ISA_USAGE = YES_ERROR;
				CLANG_WARN_DOCUMENTATION_COMMENTS = YES;
				CLANG_WARN_EMPTY_BODY = YES;
				CLANG_WARN_ENUM_CONVERSION = YES;
				CLANG_WARN_INFINITE_RECURSION = YES;
				CLANG_WARN_INT_CONVERSION = YES;
				CLANG_WARN_NON_LITERAL_NULL_CONVERSION = YES;
				CLANG_WARN_OBJC_IMPLICIT_RETAIN_SELF = YES;
				CLANG_WARN_OBJC_LITERAL_CONVERSION = YES;
				CLANG_WARN_OBJC_ROOT_CLASS = YES_ERROR;
				CLANG_WARN_QUOTED_INCLUDE_IN_FRAMEWORK_HEADER = YES;
				CLANG_WARN_RANGE_LOOP_ANALYSIS = YES;
				CLANG_WARN_STRICT_PROTOTYPES = YES;
				CLANG_WARN_SUSPICIOUS_MOVE = YES;
				CLANG_WARN_UNGUARDED_AVAILABILITY = YES_AGGRESSIVE;
				CLANG_WARN_UNREACHABLE_CODE = YES;
				CLANG_WARN__DUPLICATE_METHOD_MATCH = YES;
				COPY_PHASE_STRIP = NO;
				DEBUG_INFORMATION_FORMAT = dwarf;
				ENABLE_STRICT_OBJC_MSGSEND = YES;
				ENABLE_TESTABILITY = YES;
				GCC_C_LANGUAGE_STANDARD = gnu11;
				GCC_DYNAMIC_NO_PIC = NO;
				GCC_NO_COMMON_BLOCKS = YES;
				GCC_OPTIMIZATION_LEVEL = 0;
				GCC_PREPROCESSOR_DEFINITIONS = (
					"DEBUG=1",
					"$(inherited)",
				);
				GCC_WARN_64_TO_32_BIT_CONVERSION = YES;
				GCC_WARN_ABOUT_RETURN_TYPE = YES_ERROR;
				GCC_WARN_UNDECLARED_SELECTOR = YES;
				GCC_WARN_UNINITIALIZED_AUTOS = YES_AGGRESSIVE;
				GCC_WARN_UNUSED_FUNCTION = YES;
				GCC_WARN_UNUSED_VARIABLE = YES;
				IPHONEOS_DEPLOYMENT_TARGET = 15.5;
				MTL_ENABLE_DEBUG_INFO = INCLUDE_SOURCE;
				MTL_FAST_MATH = YES;
				ONLY_ACTIVE_ARCH = YES;
				SDKROOT = iphoneos;
				SWIFT_ACTIVE_COMPILATION_CONDITIONS = DEBUG;
				SWIFT_OPTIMIZATION_LEVEL = "-Onone";
			};
			name = Debug;
		};
		A87068052930C21900990150 /* Release */ = {
			isa = XCBuildConfiguration;
			buildSettings = {
				ALWAYS_SEARCH_USER_PATHS = NO;
				CLANG_ANALYZER_NONNULL = YES;
				CLANG_ANALYZER_NUMBER_OBJECT_CONVERSION = YES_AGGRESSIVE;
				CLANG_CXX_LANGUAGE_STANDARD = "gnu++17";
				CLANG_ENABLE_MODULES = YES;
				CLANG_ENABLE_OBJC_ARC = YES;
				CLANG_ENABLE_OBJC_WEAK = YES;
				CLANG_WARN_BLOCK_CAPTURE_AUTORELEASING = YES;
				CLANG_WARN_BOOL_CONVERSION = YES;
				CLANG_WARN_COMMA = YES;
				CLANG_WARN_CONSTANT_CONVERSION = YES;
				CLANG_WARN_DEPRECATED_OBJC_IMPLEMENTATIONS = YES;
				CLANG_WARN_DIRECT_OBJC_ISA_USAGE = YES_ERROR;
				CLANG_WARN_DOCUMENTATION_COMMENTS = YES;
				CLANG_WARN_EMPTY_BODY = YES;
				CLANG_WARN_ENUM_CONVERSION = YES;
				CLANG_WARN_INFINITE_RECURSION = YES;
				CLANG_WARN_INT_CONVERSION = YES;
				CLANG_WARN_NON_LITERAL_NULL_CONVERSION = YES;
				CLANG_WARN_OBJC_IMPLICIT_RETAIN_SELF = YES;
				CLANG_WARN_OBJC_LITERAL_CONVERSION = YES;
				CLANG_WARN_OBJC_ROOT_CLASS = YES_ERROR;
				CLANG_WARN_QUOTED_INCLUDE_IN_FRAMEWORK_HEADER = YES;
				CLANG_WARN_RANGE_LOOP_ANALYSIS = YES;
				CLANG_WARN_STRICT_PROTOTYPES = YES;
				CLANG_WARN_SUSPICIOUS_MOVE = YES;
				CLANG_WARN_UNGUARDED_AVAILABILITY = YES_AGGRESSIVE;
				CLANG_WARN_UNREACHABLE_CODE = YES;
				CLANG_WARN__DUPLICATE_METHOD_MATCH = YES;
				COPY_PHASE_STRIP = NO;
				DEBUG_INFORMATION_FORMAT = "dwarf-with-dsym";
				ENABLE_NS_ASSERTIONS = NO;
				ENABLE_STRICT_OBJC_MSGSEND = YES;
				GCC_C_LANGUAGE_STANDARD = gnu11;
				GCC_NO_COMMON_BLOCKS = YES;
				GCC_WARN_64_TO_32_BIT_CONVERSION = YES;
				GCC_WARN_ABOUT_RETURN_TYPE = YES_ERROR;
				GCC_WARN_UNDECLARED_SELECTOR = YES;
				GCC_WARN_UNINITIALIZED_AUTOS = YES_AGGRESSIVE;
				GCC_WARN_UNUSED_FUNCTION = YES;
				GCC_WARN_UNUSED_VARIABLE = YES;
				IPHONEOS_DEPLOYMENT_TARGET = 15.5;
				MTL_ENABLE_DEBUG_INFO = NO;
				MTL_FAST_MATH = YES;
				SDKROOT = iphoneos;
				SWIFT_COMPILATION_MODE = wholemodule;
				SWIFT_OPTIMIZATION_LEVEL = "-O";
				VALIDATE_PRODUCT = YES;
			};
			name = Release;
		};
		A87068072930C21900990150 /* Debug */ = {
			isa = XCBuildConfiguration;
			baseConfigurationReference = FB597697B61FF5EBD1B2BB61 /* Pods-bookdana.debug.xcconfig */;
			buildSettings = {
				ASSETCATALOG_COMPILER_APPICON_NAME = AppIcon;
				ASSETCATALOG_COMPILER_GLOBAL_ACCENT_COLOR_NAME = AccentColor;
				CODE_SIGN_STYLE = Automatic;
				CURRENT_PROJECT_VERSION = 1;
				DEVELOPMENT_TEAM = A24PK292H6;
				GENERATE_INFOPLIST_FILE = YES;
				INFOPLIST_FILE = bookdana/Info.plist;
				INFOPLIST_KEY_NSCameraUsageDescription = "バーコードリーダー起動";
				INFOPLIST_KEY_UIApplicationSupportsIndirectInputEvents = YES;
				INFOPLIST_KEY_UILaunchStoryboardName = LaunchScreen;
				INFOPLIST_KEY_UIMainStoryboardFile = Main;
				INFOPLIST_KEY_UISupportedInterfaceOrientations_iPad = "UIInterfaceOrientationPortrait UIInterfaceOrientationPortraitUpsideDown UIInterfaceOrientationLandscapeLeft UIInterfaceOrientationLandscapeRight";
				INFOPLIST_KEY_UISupportedInterfaceOrientations_iPhone = "UIInterfaceOrientationPortrait UIInterfaceOrientationLandscapeLeft UIInterfaceOrientationLandscapeRight";
				IPHONEOS_DEPLOYMENT_TARGET = 15.5;
				LD_RUNPATH_SEARCH_PATHS = (
					"$(inherited)",
					"@executable_path/Frameworks",
				);
				MARKETING_VERSION = 1.0;
				PRODUCT_BUNDLE_IDENTIFIER = daichiwatanabe.bookdana;
				PRODUCT_NAME = "$(TARGET_NAME)";
				SWIFT_EMIT_LOC_STRINGS = YES;
				SWIFT_VERSION = 5.0;
				TARGETED_DEVICE_FAMILY = "1,2";
			};
			name = Debug;
		};
		A87068082930C21900990150 /* Release */ = {
			isa = XCBuildConfiguration;
			baseConfigurationReference = FD4FF47B6EFB4BBAC6504140 /* Pods-bookdana.release.xcconfig */;
			buildSettings = {
				ASSETCATALOG_COMPILER_APPICON_NAME = AppIcon;
				ASSETCATALOG_COMPILER_GLOBAL_ACCENT_COLOR_NAME = AccentColor;
				CODE_SIGN_STYLE = Automatic;
				CURRENT_PROJECT_VERSION = 1;
				DEVELOPMENT_TEAM = A24PK292H6;
				GENERATE_INFOPLIST_FILE = YES;
				INFOPLIST_FILE = bookdana/Info.plist;
				INFOPLIST_KEY_NSCameraUsageDescription = "バーコードリーダー起動";
				INFOPLIST_KEY_UIApplicationSupportsIndirectInputEvents = YES;
				INFOPLIST_KEY_UILaunchStoryboardName = LaunchScreen;
				INFOPLIST_KEY_UIMainStoryboardFile = Main;
				INFOPLIST_KEY_UISupportedInterfaceOrientations_iPad = "UIInterfaceOrientationPortrait UIInterfaceOrientationPortraitUpsideDown UIInterfaceOrientationLandscapeLeft UIInterfaceOrientationLandscapeRight";
				INFOPLIST_KEY_UISupportedInterfaceOrientations_iPhone = "UIInterfaceOrientationPortrait UIInterfaceOrientationLandscapeLeft UIInterfaceOrientationLandscapeRight";
				IPHONEOS_DEPLOYMENT_TARGET = 15.5;
				LD_RUNPATH_SEARCH_PATHS = (
					"$(inherited)",
					"@executable_path/Frameworks",
				);
				MARKETING_VERSION = 1.0;
				PRODUCT_BUNDLE_IDENTIFIER = daichiwatanabe.bookdana;
				PRODUCT_NAME = "$(TARGET_NAME)";
				SWIFT_EMIT_LOC_STRINGS = YES;
				SWIFT_VERSION = 5.0;
				TARGETED_DEVICE_FAMILY = "1,2";
			};
			name = Release;
		};
/* End XCBuildConfiguration section */

/* Begin XCConfigurationList section */
		A87067EA2930C21800990150 /* Build configuration list for PBXProject "bookdana" */ = {
			isa = XCConfigurationList;
			buildConfigurations = (
				A87068042930C21900990150 /* Debug */,
				A87068052930C21900990150 /* Release */,
			);
			defaultConfigurationIsVisible = 0;
			defaultConfigurationName = Release;
		};
		A87068062930C21900990150 /* Build configuration list for PBXNativeTarget "bookdana" */ = {
			isa = XCConfigurationList;
			buildConfigurations = (
				A87068072930C21900990150 /* Debug */,
				A87068082930C21900990150 /* Release */,
			);
			defaultConfigurationIsVisible = 0;
			defaultConfigurationName = Release;
		};
/* End XCConfigurationList section */

/* Begin XCVersionGroup section */
		A87067FB2930C21800990150 /* bookdana.xcdatamodeld */ = {
			isa = XCVersionGroup;
			children = (
				A87067FC2930C21800990150 /* bookdana.xcdatamodel */,
			);
			currentVersion = A87067FC2930C21800990150 /* bookdana.xcdatamodel */;
			path = bookdana.xcdatamodeld;
			sourceTree = "<group>";
			versionGroupType = wrapper.xcdatamodel;
		};
/* End XCVersionGroup section */
	};
	rootObject = A87067E72930C21800990150 /* Project object */;
}
